# This file is automatically @generated by Poetry 1.8.2 and should not be changed by hand.

[[package]]
name = "pyqtdarktheme"
version = "0.1.7"
description = "Flat dark theme for PySide, PyQt."
optional = false
python-versions = ">=3.7,<4.0"
files = [
    {file = "PyQtDarkTheme-0.1.7-py3-none-any.whl", hash = "sha256:a454cfa1e4e1ef29703d8cf47158f77917428549a1cb1bb4f25affbb4a354195"},
    {file = "PyQtDarkTheme-0.1.7.tar.gz", hash = "sha256:75708e22048cabe88cd117794d6d2e84b3357602407bc11460409ec6cf3255a0"},
]

[metadata]
lock-version = "2.0"
python-versions = ">=3.7,<3.14"
content-hash = "c3f335959de33b3a704ab880d3e370d8312930090b33e4829fce7c8052fe8340"
